// !$*UTF8*$!
{
	archiveVersion = 1;
	classes = {
	};
	objectVersion = 56;
	objects = {

/* Begin PBXBuildFile section */
		5206602B2960088D00D65347 /* payment_appApp.swift in Sources */ = {isa = PBXBuildFile; fileRef = 5206602A2960088D00D65347 /* payment_appApp.swift */; };
		5206602D2960088D00D65347 /* ContentView.swift in Sources */ = {isa = PBXBuildFile; fileRef = 5206602C2960088D00D65347 /* ContentView.swift */; };
		5206602F2960088F00D65347 /* Assets.xcassets in Resources */ = {isa = PBXBuildFile; fileRef = 5206602E2960088F00D65347 /* Assets.xcassets */; };
		520660322960088F00D65347 /* Preview Assets.xcassets in Resources */ = {isa = PBXBuildFile; fileRef = 520660312960088F00D65347 /* Preview Assets.xcassets */; };
		5206603C2960088F00D65347 /* payment_appTests.swift in Sources */ = {isa = PBXBuildFile; fileRef = 5206603B2960088F00D65347 /* payment_appTests.swift */; };
		520660462960089000D65347 /* payment_appUITests.swift in Sources */ = {isa = PBXBuildFile; fileRef = 520660452960089000D65347 /* payment_appUITests.swift */; };
		520660482960089000D65347 /* payment_appUITestsLaunchTests.swift in Sources */ = {isa = PBXBuildFile; fileRef = 520660472960089000D65347 /* payment_appUITestsLaunchTests.swift */; };
		5206605B29600EEC00D65347 /* ApiServices.swift in Sources */ = {isa = PBXBuildFile; fileRef = 5206605A29600EEC00D65347 /* ApiServices.swift */; };
		5206605D29600F2300D65347 /* Endpoints.swift in Sources */ = {isa = PBXBuildFile; fileRef = 5206605C29600F2300D65347 /* Endpoints.swift */; };
		5206605F29600F5800D65347 /* InternetConnectivityViewModel.swift in Sources */ = {isa = PBXBuildFile; fileRef = 5206605E29600F5800D65347 /* InternetConnectivityViewModel.swift */; };
		520660642960101800D65347 /* AppEnvironmentObject.swift in Sources */ = {isa = PBXBuildFile; fileRef = 520660632960101800D65347 /* AppEnvironmentObject.swift */; };
		520660662960106000D65347 /* Colors.xcassets in Resources */ = {isa = PBXBuildFile; fileRef = 520660652960106000D65347 /* Colors.xcassets */; };
		520660682960107B00D65347 /* Alerts.swift in Sources */ = {isa = PBXBuildFile; fileRef = 520660672960107B00D65347 /* Alerts.swift */; };
		5206606A296010B700D65347 /* AppConstants.swift in Sources */ = {isa = PBXBuildFile; fileRef = 52066069296010B700D65347 /* AppConstants.swift */; };
		5206606C2960111600D65347 /* AppTexts.swift in Sources */ = {isa = PBXBuildFile; fileRef = 5206606B2960111600D65347 /* AppTexts.swift */; };
		5206606E2960115300D65347 /* GeneralFunctions.swift in Sources */ = {isa = PBXBuildFile; fileRef = 5206606D2960115300D65347 /* GeneralFunctions.swift */; };
		520660702960118200D65347 /* Singleton.swift in Sources */ = {isa = PBXBuildFile; fileRef = 5206606F2960118100D65347 /* Singleton.swift */; };
		52066072296011AF00D65347 /* Extensions.swift in Sources */ = {isa = PBXBuildFile; fileRef = 52066071296011AF00D65347 /* Extensions.swift */; };
		520660742960132B00D65347 /* FileModel.swift in Sources */ = {isa = PBXBuildFile; fileRef = 520660732960132B00D65347 /* FileModel.swift */; };
		52066078296019E400D65347 /* MySecureField.swift in Sources */ = {isa = PBXBuildFile; fileRef = 52066077296019E400D65347 /* MySecureField.swift */; };
		5206607A296019F900D65347 /* MyTextField.swift in Sources */ = {isa = PBXBuildFile; fileRef = 52066079296019F900D65347 /* MyTextField.swift */; };
		5206607C29601A1B00D65347 /* MyTextView.swift in Sources */ = {isa = PBXBuildFile; fileRef = 5206607B29601A1B00D65347 /* MyTextView.swift */; };
		5206608329601B1A00D65347 /* Bitter-Bold.ttf in Resources */ = {isa = PBXBuildFile; fileRef = 5206607E29601B1A00D65347 /* Bitter-Bold.ttf */; };
		5206608429601B1A00D65347 /* Bitter-Medium.ttf in Resources */ = {isa = PBXBuildFile; fileRef = 5206607F29601B1A00D65347 /* Bitter-Medium.ttf */; };
		5206608529601B1A00D65347 /* Bitter-Regular.ttf in Resources */ = {isa = PBXBuildFile; fileRef = 5206608029601B1A00D65347 /* Bitter-Regular.ttf */; };
		5206608629601B1A00D65347 /* Bitter-SemiBold.ttf in Resources */ = {isa = PBXBuildFile; fileRef = 5206608129601B1A00D65347 /* Bitter-SemiBold.ttf */; };
		5206608729601B1A00D65347 /* Bitter-Light.ttf in Resources */ = {isa = PBXBuildFile; fileRef = 5206608229601B1A00D65347 /* Bitter-Light.ttf */; };
		5206608C29601F1600D65347 /* AppDelegate.swift in Sources */ = {isa = PBXBuildFile; fileRef = 5206608B29601F1600D65347 /* AppDelegate.swift */; };
		5206608E29601F2F00D65347 /* SceneDelegate.swift in Sources */ = {isa = PBXBuildFile; fileRef = 5206608D29601F2F00D65347 /* SceneDelegate.swift */; };
		5206609129601FF800D65347 /* LaunchScreen.storyboard in Resources */ = {isa = PBXBuildFile; fileRef = 5206609029601FF800D65347 /* LaunchScreen.storyboard */; };
		528B5915296531140076A88A /* LoginScreen.swift in Sources */ = {isa = PBXBuildFile; fileRef = 528B5914296531140076A88A /* LoginScreen.swift */; };
		528B59182965352E0076A88A /* LoginFieldsOuterView.swift in Sources */ = {isa = PBXBuildFile; fileRef = 528B59172965352E0076A88A /* LoginFieldsOuterView.swift */; };
		528B591D2965367F0076A88A /* MaxWidthButton.swift in Sources */ = {isa = PBXBuildFile; fileRef = 528B591A2965367F0076A88A /* MaxWidthButton.swift */; };
		528B591E2965367F0076A88A /* MinWidthButton.swift in Sources */ = {isa = PBXBuildFile; fileRef = 528B591B2965367F0076A88A /* MinWidthButton.swift */; };
		528B591F2965367F0076A88A /* IconButton.swift in Sources */ = {isa = PBXBuildFile; fileRef = 528B591C2965367F0076A88A /* IconButton.swift */; };
		528B59242965377E0076A88A /* KingfisherImageView.swift in Sources */ = {isa = PBXBuildFile; fileRef = 528B59212965377E0076A88A /* KingfisherImageView.swift */; };
		528B59252965377E0076A88A /* ImageView.swift in Sources */ = {isa = PBXBuildFile; fileRef = 528B59222965377E0076A88A /* ImageView.swift */; };
		528B5928296539250076A88A /* OTPVerifyScreen.swift in Sources */ = {isa = PBXBuildFile; fileRef = 528B5927296539250076A88A /* OTPVerifyScreen.swift */; };
		528B592A29653BF60076A88A /* LoginViewModel.swift in Sources */ = {isa = PBXBuildFile; fileRef = 528B592929653BF60076A88A /* LoginViewModel.swift */; };
		528B592C29653C810076A88A /* LoginResponse.swift in Sources */ = {isa = PBXBuildFile; fileRef = 528B592B29653C810076A88A /* LoginResponse.swift */; };
		528B592E29653E5F0076A88A /* BaseResponse.swift in Sources */ = {isa = PBXBuildFile; fileRef = 528B592D29653E5F0076A88A /* BaseResponse.swift */; };
		528B5933296542F30076A88A /* OTPTextFieldViewModel.swift in Sources */ = {isa = PBXBuildFile; fileRef = 528B5930296542F30076A88A /* OTPTextFieldViewModel.swift */; };
		528B5934296542F30076A88A /* OTPTextField.swift in Sources */ = {isa = PBXBuildFile; fileRef = 528B5931296542F30076A88A /* OTPTextField.swift */; };
		528B5935296542F30076A88A /* DisabledActionsTextField.swift in Sources */ = {isa = PBXBuildFile; fileRef = 528B5932296542F30076A88A /* DisabledActionsTextField.swift */; };
		528B5938296548A10076A88A /* Loader.swift in Sources */ = {isa = PBXBuildFile; fileRef = 528B5937296548A10076A88A /* Loader.swift */; };
		528B593A296549160076A88A /* LargeProgressView.swift in Sources */ = {isa = PBXBuildFile; fileRef = 528B5939296549160076A88A /* LargeProgressView.swift */; };
		528B593C296549300076A88A /* BlurView.swift in Sources */ = {isa = PBXBuildFile; fileRef = 528B593B296549300076A88A /* BlurView.swift */; };
		528B593E29654BFC0076A88A /* FillUserDetailsScreen.swift in Sources */ = {isa = PBXBuildFile; fileRef = 528B593D29654BFC0076A88A /* FillUserDetailsScreen.swift */; };
		528B594029654C9E0076A88A /* ProfileViewModel.swift in Sources */ = {isa = PBXBuildFile; fileRef = 528B593F29654C9E0076A88A /* ProfileViewModel.swift */; };
		528B594429654F920076A88A /* HomeScreen.swift in Sources */ = {isa = PBXBuildFile; fileRef = 528B594329654F920076A88A /* HomeScreen.swift */; };
		528B5946296558860076A88A /* SelectBankScreen.swift in Sources */ = {isa = PBXBuildFile; fileRef = 528B5945296558860076A88A /* SelectBankScreen.swift */; };
		528B594829655F6D0076A88A /* AvatarView.swift in Sources */ = {isa = PBXBuildFile; fileRef = 528B594729655F6D0076A88A /* AvatarView.swift */; };
		528B594A296563C30076A88A /* SearchTextField.swift in Sources */ = {isa = PBXBuildFile; fileRef = 528B5949296563C30076A88A /* SearchTextField.swift */; };
		528B594C29656B290076A88A /* FillBankDetailsScreen.swift in Sources */ = {isa = PBXBuildFile; fileRef = 528B594B29656B290076A88A /* FillBankDetailsScreen.swift */; };
		528B595029658BDB0076A88A /* CardView.swift in Sources */ = {isa = PBXBuildFile; fileRef = 528B594F29658BDB0076A88A /* CardView.swift */; };
		52B029512967D555000FC386 /* ChatScreen.swift in Sources */ = {isa = PBXBuildFile; fileRef = 52B029502967D555000FC386 /* ChatScreen.swift */; };
		52B029532967D56A000FC386 /* ChooseBankSheet.swift in Sources */ = {isa = PBXBuildFile; fileRef = 52B029522967D56A000FC386 /* ChooseBankSheet.swift */; };
		52B029562967D948000FC386 /* PaymentStatusView.swift in Sources */ = {isa = PBXBuildFile; fileRef = 52B029552967D948000FC386 /* PaymentStatusView.swift */; };
		52B029582967D9DD000FC386 /* MessageCell.swift in Sources */ = {isa = PBXBuildFile; fileRef = 52B029572967D9DD000FC386 /* MessageCell.swift */; };
		52B0295A2968097C000FC386 /* AdjustableHeightTextView.swift in Sources */ = {isa = PBXBuildFile; fileRef = 52B029592968097C000FC386 /* AdjustableHeightTextView.swift */; };
		52BB13772966939400ADB832 /* WalletTransactionsScreen.swift in Sources */ = {isa = PBXBuildFile; fileRef = 52BB13762966939400ADB832 /* WalletTransactionsScreen.swift */; };
		52BB137929669BDB00ADB832 /* ProfileScreen.swift in Sources */ = {isa = PBXBuildFile; fileRef = 52BB137829669BDB00ADB832 /* ProfileScreen.swift */; };
		52BB137B2966A34400ADB832 /* BankAccountsScreen.swift in Sources */ = {isa = PBXBuildFile; fileRef = 52BB137A2966A34400ADB832 /* BankAccountsScreen.swift */; };
		52BB137E2966A3A500ADB832 /* BankAccountCell.swift in Sources */ = {isa = PBXBuildFile; fileRef = 52BB137D2966A3A500ADB832 /* BankAccountCell.swift */; };
		52BB13802966ABE200ADB832 /* PayToNumberScreen.swift in Sources */ = {isa = PBXBuildFile; fileRef = 52BB137F2966ABE200ADB832 /* PayToNumberScreen.swift */; };
		52BB13822966E87500ADB832 /* PayToScreen.swift in Sources */ = {isa = PBXBuildFile; fileRef = 52BB13812966E87500ADB832 /* PayToScreen.swift */; };
		52BB13842966EEFC00ADB832 /* PaymentDetailsScreen.swift in Sources */ = {isa = PBXBuildFile; fileRef = 52BB13832966EEFC00ADB832 /* PaymentDetailsScreen.swift */; };
		52BC3FB229692AEF003A0B42 /* CodeScanner in Frameworks */ = {isa = PBXBuildFile; productRef = 52BC3FB129692AEF003A0B42 /* CodeScanner */; };
		52BC3FB429692E36003A0B42 /* PayToUPIIDScreen.swift in Sources */ = {isa = PBXBuildFile; fileRef = 52BC3FB329692E36003A0B42 /* PayToUPIIDScreen.swift */; };
		52BC3FB629693131003A0B42 /* ContactsViewModel.swift in Sources */ = {isa = PBXBuildFile; fileRef = 52BC3FB529693131003A0B42 /* ContactsViewModel.swift */; };
		52BC3FB8296935BD003A0B42 /* ContactsModel.swift in Sources */ = {isa = PBXBuildFile; fileRef = 52BC3FB7296935BD003A0B42 /* ContactsModel.swift */; };
		52BC3FBA29694B2D003A0B42 /* CameraViewModel.swift in Sources */ = {isa = PBXBuildFile; fileRef = 52BC3FB929694B2D003A0B42 /* CameraViewModel.swift */; };
		52BC3FBC29694DCE003A0B42 /* ScanQRScreen.swift in Sources */ = {isa = PBXBuildFile; fileRef = 52BC3FBB29694DCE003A0B42 /* ScanQRScreen.swift */; };
		52BC3FBE29697488003A0B42 /* QRCodeInfoScreen.swift in Sources */ = {isa = PBXBuildFile; fileRef = 52BC3FBD29697488003A0B42 /* QRCodeInfoScreen.swift */; };
		57B41F48C9503B4D7DE7C333 /* Pods_payment_appTests.framework in Frameworks */ = {isa = PBXBuildFile; fileRef = EA4AE33AD5A47ED016AB8DF8 /* Pods_payment_appTests.framework */; };
		9025BFBBCE62600E4943594B /* Pods_payment_app.framework in Frameworks */ = {isa = PBXBuildFile; fileRef = 72D0E642187D6B6AE77B558F /* Pods_payment_app.framework */; };
		AC5309F4505D6C55F2768288 /* Pods_payment_app_payment_appUITests.framework in Frameworks */ = {isa = PBXBuildFile; fileRef = 6543E50FFFF5479488B8A765 /* Pods_payment_app_payment_appUITests.framework */; };
/* End PBXBuildFile section */

/* Begin PBXContainerItemProxy section */
		520660382960088F00D65347 /* PBXContainerItemProxy */ = {
			isa = PBXContainerItemProxy;
			containerPortal = 5206601F2960088C00D65347 /* Project object */;
			proxyType = 1;
			remoteGlobalIDString = 520660262960088D00D65347;
			remoteInfo = payment_app;
		};
		520660422960089000D65347 /* PBXContainerItemProxy */ = {
			isa = PBXContainerItemProxy;
			containerPortal = 5206601F2960088C00D65347 /* Project object */;
			proxyType = 1;
			remoteGlobalIDString = 520660262960088D00D65347;
			remoteInfo = payment_app;
		};
/* End PBXContainerItemProxy section */

/* Begin PBXFileReference section */
		520660272960088D00D65347 /* payment_app.app */ = {isa = PBXFileReference; explicitFileType = wrapper.application; includeInIndex = 0; path = payment_app.app; sourceTree = BUILT_PRODUCTS_DIR; };
		5206602A2960088D00D65347 /* payment_appApp.swift */ = {isa = PBXFileReference; lastKnownFileType = sourcecode.swift; path = payment_appApp.swift; sourceTree = "<group>"; };
		5206602C2960088D00D65347 /* ContentView.swift */ = {isa = PBXFileReference; lastKnownFileType = sourcecode.swift; path = ContentView.swift; sourceTree = "<group>"; };
		5206602E2960088F00D65347 /* Assets.xcassets */ = {isa = PBXFileReference; lastKnownFileType = folder.assetcatalog; path = Assets.xcassets; sourceTree = "<group>"; };
		520660312960088F00D65347 /* Preview Assets.xcassets */ = {isa = PBXFileReference; lastKnownFileType = folder.assetcatalog; path = "Preview Assets.xcassets"; sourceTree = "<group>"; };
		520660372960088F00D65347 /* payment_appTests.xctest */ = {isa = PBXFileReference; explicitFileType = wrapper.cfbundle; includeInIndex = 0; path = payment_appTests.xctest; sourceTree = BUILT_PRODUCTS_DIR; };
		5206603B2960088F00D65347 /* payment_appTests.swift */ = {isa = PBXFileReference; lastKnownFileType = sourcecode.swift; path = payment_appTests.swift; sourceTree = "<group>"; };
		520660412960089000D65347 /* payment_appUITests.xctest */ = {isa = PBXFileReference; explicitFileType = wrapper.cfbundle; includeInIndex = 0; path = payment_appUITests.xctest; sourceTree = BUILT_PRODUCTS_DIR; };
		520660452960089000D65347 /* payment_appUITests.swift */ = {isa = PBXFileReference; lastKnownFileType = sourcecode.swift; path = payment_appUITests.swift; sourceTree = "<group>"; };
		520660472960089000D65347 /* payment_appUITestsLaunchTests.swift */ = {isa = PBXFileReference; lastKnownFileType = sourcecode.swift; path = payment_appUITestsLaunchTests.swift; sourceTree = "<group>"; };
		5206605A29600EEC00D65347 /* ApiServices.swift */ = {isa = PBXFileReference; lastKnownFileType = sourcecode.swift; path = ApiServices.swift; sourceTree = "<group>"; };
		5206605C29600F2300D65347 /* Endpoints.swift */ = {isa = PBXFileReference; lastKnownFileType = sourcecode.swift; path = Endpoints.swift; sourceTree = "<group>"; };
		5206605E29600F5800D65347 /* InternetConnectivityViewModel.swift */ = {isa = PBXFileReference; lastKnownFileType = sourcecode.swift; path = InternetConnectivityViewModel.swift; sourceTree = "<group>"; };
		520660632960101800D65347 /* AppEnvironmentObject.swift */ = {isa = PBXFileReference; lastKnownFileType = sourcecode.swift; path = AppEnvironmentObject.swift; sourceTree = "<group>"; };
		520660652960106000D65347 /* Colors.xcassets */ = {isa = PBXFileReference; lastKnownFileType = folder.assetcatalog; path = Colors.xcassets; sourceTree = "<group>"; };
		520660672960107B00D65347 /* Alerts.swift */ = {isa = PBXFileReference; lastKnownFileType = sourcecode.swift; path = Alerts.swift; sourceTree = "<group>"; };
		52066069296010B700D65347 /* AppConstants.swift */ = {isa = PBXFileReference; lastKnownFileType = sourcecode.swift; path = AppConstants.swift; sourceTree = "<group>"; };
		5206606B2960111600D65347 /* AppTexts.swift */ = {isa = PBXFileReference; lastKnownFileType = sourcecode.swift; path = AppTexts.swift; sourceTree = "<group>"; };
		5206606D2960115300D65347 /* GeneralFunctions.swift */ = {isa = PBXFileReference; lastKnownFileType = sourcecode.swift; path = GeneralFunctions.swift; sourceTree = "<group>"; };
		5206606F2960118100D65347 /* Singleton.swift */ = {isa = PBXFileReference; lastKnownFileType = sourcecode.swift; path = Singleton.swift; sourceTree = "<group>"; };
		52066071296011AF00D65347 /* Extensions.swift */ = {isa = PBXFileReference; lastKnownFileType = sourcecode.swift; path = Extensions.swift; sourceTree = "<group>"; };
		520660732960132B00D65347 /* FileModel.swift */ = {isa = PBXFileReference; lastKnownFileType = sourcecode.swift; path = FileModel.swift; sourceTree = "<group>"; };
		52066077296019E400D65347 /* MySecureField.swift */ = {isa = PBXFileReference; lastKnownFileType = sourcecode.swift; path = MySecureField.swift; sourceTree = "<group>"; };
		52066079296019F900D65347 /* MyTextField.swift */ = {isa = PBXFileReference; lastKnownFileType = sourcecode.swift; path = MyTextField.swift; sourceTree = "<group>"; };
		5206607B29601A1B00D65347 /* MyTextView.swift */ = {isa = PBXFileReference; lastKnownFileType = sourcecode.swift; path = MyTextView.swift; sourceTree = "<group>"; };
		5206607E29601B1A00D65347 /* Bitter-Bold.ttf */ = {isa = PBXFileReference; lastKnownFileType = file; path = "Bitter-Bold.ttf"; sourceTree = "<group>"; };
		5206607F29601B1A00D65347 /* Bitter-Medium.ttf */ = {isa = PBXFileReference; lastKnownFileType = file; path = "Bitter-Medium.ttf"; sourceTree = "<group>"; };
		5206608029601B1A00D65347 /* Bitter-Regular.ttf */ = {isa = PBXFileReference; lastKnownFileType = file; path = "Bitter-Regular.ttf"; sourceTree = "<group>"; };
		5206608129601B1A00D65347 /* Bitter-SemiBold.ttf */ = {isa = PBXFileReference; lastKnownFileType = file; path = "Bitter-SemiBold.ttf"; sourceTree = "<group>"; };
		5206608229601B1A00D65347 /* Bitter-Light.ttf */ = {isa = PBXFileReference; lastKnownFileType = file; path = "Bitter-Light.ttf"; sourceTree = "<group>"; };
		5206608B29601F1600D65347 /* AppDelegate.swift */ = {isa = PBXFileReference; lastKnownFileType = sourcecode.swift; path = AppDelegate.swift; sourceTree = "<group>"; };
		5206608D29601F2F00D65347 /* SceneDelegate.swift */ = {isa = PBXFileReference; lastKnownFileType = sourcecode.swift; path = SceneDelegate.swift; sourceTree = "<group>"; };
		5206609029601FF800D65347 /* LaunchScreen.storyboard */ = {isa = PBXFileReference; lastKnownFileType = file.storyboard; path = LaunchScreen.storyboard; sourceTree = "<group>"; };
		520660922960205800D65347 /* payment-app-Info.plist */ = {isa = PBXFileReference; lastKnownFileType = text.plist; path = "payment-app-Info.plist"; sourceTree = SOURCE_ROOT; };
		528B5914296531140076A88A /* LoginScreen.swift */ = {isa = PBXFileReference; lastKnownFileType = sourcecode.swift; path = LoginScreen.swift; sourceTree = "<group>"; };
		528B59172965352E0076A88A /* LoginFieldsOuterView.swift */ = {isa = PBXFileReference; lastKnownFileType = sourcecode.swift; path = LoginFieldsOuterView.swift; sourceTree = "<group>"; };
		528B591A2965367F0076A88A /* MaxWidthButton.swift */ = {isa = PBXFileReference; fileEncoding = 4; lastKnownFileType = sourcecode.swift; path = MaxWidthButton.swift; sourceTree = "<group>"; };
		528B591B2965367F0076A88A /* MinWidthButton.swift */ = {isa = PBXFileReference; fileEncoding = 4; lastKnownFileType = sourcecode.swift; path = MinWidthButton.swift; sourceTree = "<group>"; };
		528B591C2965367F0076A88A /* IconButton.swift */ = {isa = PBXFileReference; fileEncoding = 4; lastKnownFileType = sourcecode.swift; path = IconButton.swift; sourceTree = "<group>"; };
		528B59212965377E0076A88A /* KingfisherImageView.swift */ = {isa = PBXFileReference; fileEncoding = 4; lastKnownFileType = sourcecode.swift; path = KingfisherImageView.swift; sourceTree = "<group>"; };
		528B59222965377E0076A88A /* ImageView.swift */ = {isa = PBXFileReference; fileEncoding = 4; lastKnownFileType = sourcecode.swift; path = ImageView.swift; sourceTree = "<group>"; };
		528B5927296539250076A88A /* OTPVerifyScreen.swift */ = {isa = PBXFileReference; lastKnownFileType = sourcecode.swift; path = OTPVerifyScreen.swift; sourceTree = "<group>"; };
		528B592929653BF60076A88A /* LoginViewModel.swift */ = {isa = PBXFileReference; lastKnownFileType = sourcecode.swift; path = LoginViewModel.swift; sourceTree = "<group>"; };
		528B592B29653C810076A88A /* LoginResponse.swift */ = {isa = PBXFileReference; lastKnownFileType = sourcecode.swift; path = LoginResponse.swift; sourceTree = "<group>"; };
		528B592D29653E5F0076A88A /* BaseResponse.swift */ = {isa = PBXFileReference; lastKnownFileType = sourcecode.swift; path = BaseResponse.swift; sourceTree = "<group>"; };
		528B5930296542F30076A88A /* OTPTextFieldViewModel.swift */ = {isa = PBXFileReference; fileEncoding = 4; lastKnownFileType = sourcecode.swift; path = OTPTextFieldViewModel.swift; sourceTree = "<group>"; };
		528B5931296542F30076A88A /* OTPTextField.swift */ = {isa = PBXFileReference; fileEncoding = 4; lastKnownFileType = sourcecode.swift; path = OTPTextField.swift; sourceTree = "<group>"; };
		528B5932296542F30076A88A /* DisabledActionsTextField.swift */ = {isa = PBXFileReference; fileEncoding = 4; lastKnownFileType = sourcecode.swift; path = DisabledActionsTextField.swift; sourceTree = "<group>"; };
		528B5937296548A10076A88A /* Loader.swift */ = {isa = PBXFileReference; lastKnownFileType = sourcecode.swift; path = Loader.swift; sourceTree = "<group>"; };
		528B5939296549160076A88A /* LargeProgressView.swift */ = {isa = PBXFileReference; lastKnownFileType = sourcecode.swift; path = LargeProgressView.swift; sourceTree = "<group>"; };
		528B593B296549300076A88A /* BlurView.swift */ = {isa = PBXFileReference; fileEncoding = 4; lastKnownFileType = sourcecode.swift; path = BlurView.swift; sourceTree = "<group>"; };
		528B593D29654BFC0076A88A /* FillUserDetailsScreen.swift */ = {isa = PBXFileReference; lastKnownFileType = sourcecode.swift; path = FillUserDetailsScreen.swift; sourceTree = "<group>"; };
		528B593F29654C9E0076A88A /* ProfileViewModel.swift */ = {isa = PBXFileReference; lastKnownFileType = sourcecode.swift; path = ProfileViewModel.swift; sourceTree = "<group>"; };
		528B594329654F920076A88A /* HomeScreen.swift */ = {isa = PBXFileReference; lastKnownFileType = sourcecode.swift; path = HomeScreen.swift; sourceTree = "<group>"; };
		528B5945296558860076A88A /* SelectBankScreen.swift */ = {isa = PBXFileReference; lastKnownFileType = sourcecode.swift; path = SelectBankScreen.swift; sourceTree = "<group>"; };
		528B594729655F6D0076A88A /* AvatarView.swift */ = {isa = PBXFileReference; lastKnownFileType = sourcecode.swift; path = AvatarView.swift; sourceTree = "<group>"; };
		528B5949296563C30076A88A /* SearchTextField.swift */ = {isa = PBXFileReference; lastKnownFileType = sourcecode.swift; path = SearchTextField.swift; sourceTree = "<group>"; };
		528B594B29656B290076A88A /* FillBankDetailsScreen.swift */ = {isa = PBXFileReference; lastKnownFileType = sourcecode.swift; path = FillBankDetailsScreen.swift; sourceTree = "<group>"; };
		528B594F29658BDB0076A88A /* CardView.swift */ = {isa = PBXFileReference; fileEncoding = 4; lastKnownFileType = sourcecode.swift; path = CardView.swift; sourceTree = "<group>"; };
		52B029502967D555000FC386 /* ChatScreen.swift */ = {isa = PBXFileReference; lastKnownFileType = sourcecode.swift; path = ChatScreen.swift; sourceTree = "<group>"; };
		52B029522967D56A000FC386 /* ChooseBankSheet.swift */ = {isa = PBXFileReference; lastKnownFileType = sourcecode.swift; path = ChooseBankSheet.swift; sourceTree = "<group>"; };
		52B029552967D948000FC386 /* PaymentStatusView.swift */ = {isa = PBXFileReference; lastKnownFileType = sourcecode.swift; path = PaymentStatusView.swift; sourceTree = "<group>"; };
		52B029572967D9DD000FC386 /* MessageCell.swift */ = {isa = PBXFileReference; lastKnownFileType = sourcecode.swift; path = MessageCell.swift; sourceTree = "<group>"; };
		52B029592968097C000FC386 /* AdjustableHeightTextView.swift */ = {isa = PBXFileReference; lastKnownFileType = sourcecode.swift; path = AdjustableHeightTextView.swift; sourceTree = "<group>"; };
		52BB13762966939400ADB832 /* WalletTransactionsScreen.swift */ = {isa = PBXFileReference; lastKnownFileType = sourcecode.swift; path = WalletTransactionsScreen.swift; sourceTree = "<group>"; };
		52BB137829669BDB00ADB832 /* ProfileScreen.swift */ = {isa = PBXFileReference; lastKnownFileType = sourcecode.swift; path = ProfileScreen.swift; sourceTree = "<group>"; };
		52BB137A2966A34400ADB832 /* BankAccountsScreen.swift */ = {isa = PBXFileReference; lastKnownFileType = sourcecode.swift; path = BankAccountsScreen.swift; sourceTree = "<group>"; };
		52BB137D2966A3A500ADB832 /* BankAccountCell.swift */ = {isa = PBXFileReference; lastKnownFileType = sourcecode.swift; path = BankAccountCell.swift; sourceTree = "<group>"; };
		52BB137F2966ABE200ADB832 /* PayToNumberScreen.swift */ = {isa = PBXFileReference; lastKnownFileType = sourcecode.swift; path = PayToNumberScreen.swift; sourceTree = "<group>"; };
		52BB13812966E87500ADB832 /* PayToScreen.swift */ = {isa = PBXFileReference; lastKnownFileType = sourcecode.swift; path = PayToScreen.swift; sourceTree = "<group>"; };
		52BB13832966EEFC00ADB832 /* PaymentDetailsScreen.swift */ = {isa = PBXFileReference; lastKnownFileType = sourcecode.swift; path = PaymentDetailsScreen.swift; sourceTree = "<group>"; };
		52BC3FB329692E36003A0B42 /* PayToUPIIDScreen.swift */ = {isa = PBXFileReference; lastKnownFileType = sourcecode.swift; path = PayToUPIIDScreen.swift; sourceTree = "<group>"; };
		52BC3FB529693131003A0B42 /* ContactsViewModel.swift */ = {isa = PBXFileReference; lastKnownFileType = sourcecode.swift; path = ContactsViewModel.swift; sourceTree = "<group>"; };
		52BC3FB7296935BD003A0B42 /* ContactsModel.swift */ = {isa = PBXFileReference; lastKnownFileType = sourcecode.swift; path = ContactsModel.swift; sourceTree = "<group>"; };
		52BC3FB929694B2D003A0B42 /* CameraViewModel.swift */ = {isa = PBXFileReference; lastKnownFileType = sourcecode.swift; path = CameraViewModel.swift; sourceTree = "<group>"; };
		52BC3FBB29694DCE003A0B42 /* ScanQRScreen.swift */ = {isa = PBXFileReference; lastKnownFileType = sourcecode.swift; path = ScanQRScreen.swift; sourceTree = "<group>"; };
		52BC3FBD29697488003A0B42 /* QRCodeInfoScreen.swift */ = {isa = PBXFileReference; lastKnownFileType = sourcecode.swift; path = QRCodeInfoScreen.swift; sourceTree = "<group>"; };
		6543E50FFFF5479488B8A765 /* Pods_payment_app_payment_appUITests.framework */ = {isa = PBXFileReference; explicitFileType = wrapper.framework; includeInIndex = 0; path = Pods_payment_app_payment_appUITests.framework; sourceTree = BUILT_PRODUCTS_DIR; };
		6C7BBEA17A316D728F8C40D8 /* Pods-payment_app.release.xcconfig */ = {isa = PBXFileReference; includeInIndex = 1; lastKnownFileType = text.xcconfig; name = "Pods-payment_app.release.xcconfig"; path = "Target Support Files/Pods-payment_app/Pods-payment_app.release.xcconfig"; sourceTree = "<group>"; };
		72D0E642187D6B6AE77B558F /* Pods_payment_app.framework */ = {isa = PBXFileReference; explicitFileType = wrapper.framework; includeInIndex = 0; path = Pods_payment_app.framework; sourceTree = BUILT_PRODUCTS_DIR; };
		7C7865D069A461E7497EE35F /* Pods-payment_app-payment_appUITests.release.xcconfig */ = {isa = PBXFileReference; includeInIndex = 1; lastKnownFileType = text.xcconfig; name = "Pods-payment_app-payment_appUITests.release.xcconfig"; path = "Target Support Files/Pods-payment_app-payment_appUITests/Pods-payment_app-payment_appUITests.release.xcconfig"; sourceTree = "<group>"; };
		BAEA80BE31847EB613AEF2DF /* Pods-payment_appTests.debug.xcconfig */ = {isa = PBXFileReference; includeInIndex = 1; lastKnownFileType = text.xcconfig; name = "Pods-payment_appTests.debug.xcconfig"; path = "Target Support Files/Pods-payment_appTests/Pods-payment_appTests.debug.xcconfig"; sourceTree = "<group>"; };
		BF9E9CA703AF0BAFC8B97050 /* Pods-payment_app-payment_appUITests.debug.xcconfig */ = {isa = PBXFileReference; includeInIndex = 1; lastKnownFileType = text.xcconfig; name = "Pods-payment_app-payment_appUITests.debug.xcconfig"; path = "Target Support Files/Pods-payment_app-payment_appUITests/Pods-payment_app-payment_appUITests.debug.xcconfig"; sourceTree = "<group>"; };
		CCA997A2FC8558DB96FF9C37 /* Pods-payment_app.debug.xcconfig */ = {isa = PBXFileReference; includeInIndex = 1; lastKnownFileType = text.xcconfig; name = "Pods-payment_app.debug.xcconfig"; path = "Target Support Files/Pods-payment_app/Pods-payment_app.debug.xcconfig"; sourceTree = "<group>"; };
		EA4AE33AD5A47ED016AB8DF8 /* Pods_payment_appTests.framework */ = {isa = PBXFileReference; explicitFileType = wrapper.framework; includeInIndex = 0; path = Pods_payment_appTests.framework; sourceTree = BUILT_PRODUCTS_DIR; };
		EAFE4A6CD9E5E254D68CD2E1 /* Pods-payment_appTests.release.xcconfig */ = {isa = PBXFileReference; includeInIndex = 1; lastKnownFileType = text.xcconfig; name = "Pods-payment_appTests.release.xcconfig"; path = "Target Support Files/Pods-payment_appTests/Pods-payment_appTests.release.xcconfig"; sourceTree = "<group>"; };
/* End PBXFileReference section */

/* Begin PBXFrameworksBuildPhase section */
		520660242960088D00D65347 /* Frameworks */ = {
			isa = PBXFrameworksBuildPhase;
			buildActionMask = 2147483647;
			files = (
				52BC3FB229692AEF003A0B42 /* CodeScanner in Frameworks */,
				9025BFBBCE62600E4943594B /* Pods_payment_app.framework in Frameworks */,
			);
			runOnlyForDeploymentPostprocessing = 0;
		};
		520660342960088F00D65347 /* Frameworks */ = {
			isa = PBXFrameworksBuildPhase;
			buildActionMask = 2147483647;
			files = (
				57B41F48C9503B4D7DE7C333 /* Pods_payment_appTests.framework in Frameworks */,
			);
			runOnlyForDeploymentPostprocessing = 0;
		};
		5206603E2960088F00D65347 /* Frameworks */ = {
			isa = PBXFrameworksBuildPhase;
			buildActionMask = 2147483647;
			files = (
				AC5309F4505D6C55F2768288 /* Pods_payment_app_payment_appUITests.framework in Frameworks */,
			);
			runOnlyForDeploymentPostprocessing = 0;
		};
/* End PBXFrameworksBuildPhase section */

/* Begin PBXGroup section */
		08358DD4B3DB66B1A0EAC6A3 /* Frameworks */ = {
			isa = PBXGroup;
			children = (
				72D0E642187D6B6AE77B558F /* Pods_payment_app.framework */,
				6543E50FFFF5479488B8A765 /* Pods_payment_app_payment_appUITests.framework */,
				EA4AE33AD5A47ED016AB8DF8 /* Pods_payment_appTests.framework */,
			);
			name = Frameworks;
			sourceTree = "<group>";
		};
		4A54B76E7DD1C5DE97E57B43 /* Pods */ = {
			isa = PBXGroup;
			children = (
				CCA997A2FC8558DB96FF9C37 /* Pods-payment_app.debug.xcconfig */,
				6C7BBEA17A316D728F8C40D8 /* Pods-payment_app.release.xcconfig */,
				BF9E9CA703AF0BAFC8B97050 /* Pods-payment_app-payment_appUITests.debug.xcconfig */,
				7C7865D069A461E7497EE35F /* Pods-payment_app-payment_appUITests.release.xcconfig */,
				BAEA80BE31847EB613AEF2DF /* Pods-payment_appTests.debug.xcconfig */,
				EAFE4A6CD9E5E254D68CD2E1 /* Pods-payment_appTests.release.xcconfig */,
			);
			path = Pods;
			sourceTree = "<group>";
		};
		5206601E2960088C00D65347 = {
			isa = PBXGroup;
			children = (
				520660292960088D00D65347 /* payment_app */,
				5206603A2960088F00D65347 /* payment_appTests */,
				520660442960089000D65347 /* payment_appUITests */,
				520660282960088D00D65347 /* Products */,
				4A54B76E7DD1C5DE97E57B43 /* Pods */,
				08358DD4B3DB66B1A0EAC6A3 /* Frameworks */,
			);
			sourceTree = "<group>";
		};
		520660282960088D00D65347 /* Products */ = {
			isa = PBXGroup;
			children = (
				520660272960088D00D65347 /* payment_app.app */,
				520660372960088F00D65347 /* payment_appTests.xctest */,
				520660412960089000D65347 /* payment_appUITests.xctest */,
			);
			name = Products;
			sourceTree = "<group>";
		};
		520660292960088D00D65347 /* payment_app */ = {
			isa = PBXGroup;
			children = (
				520660922960205800D65347 /* payment-app-Info.plist */,
				5206605429600E6500D65347 /* ApiServices */,
				5206605629600E8900D65347 /* App */,
				5206605929600ED300D65347 /* Assets */,
				5206605729600E9200D65347 /* Constants and Extensions */,
				520660302960088F00D65347 /* Preview Content */,
				5206605829600EAC00D65347 /* Screens and Widgets */,
			);
			path = payment_app;
			sourceTree = "<group>";
		};
		520660302960088F00D65347 /* Preview Content */ = {
			isa = PBXGroup;
			children = (
				520660312960088F00D65347 /* Preview Assets.xcassets */,
			);
			path = "Preview Content";
			sourceTree = "<group>";
		};
		5206603A2960088F00D65347 /* payment_appTests */ = {
			isa = PBXGroup;
			children = (
				5206603B2960088F00D65347 /* payment_appTests.swift */,
			);
			path = payment_appTests;
			sourceTree = "<group>";
		};
		520660442960089000D65347 /* payment_appUITests */ = {
			isa = PBXGroup;
			children = (
				520660452960089000D65347 /* payment_appUITests.swift */,
				520660472960089000D65347 /* payment_appUITestsLaunchTests.swift */,
			);
			path = payment_appUITests;
			sourceTree = "<group>";
		};
		5206605429600E6500D65347 /* ApiServices */ = {
			isa = PBXGroup;
			children = (
				5206606229600F9D00D65347 /* Models used to send data */,
				5206606129600F9100D65347 /* Models */,
				5206606029600F8700D65347 /* View Models */,
				5206605A29600EEC00D65347 /* ApiServices.swift */,
				5206605C29600F2300D65347 /* Endpoints.swift */,
				5206605E29600F5800D65347 /* InternetConnectivityViewModel.swift */,
			);
			path = ApiServices;
			sourceTree = "<group>";
		};
		5206605629600E8900D65347 /* App */ = {
			isa = PBXGroup;
			children = (
				520660632960101800D65347 /* AppEnvironmentObject.swift */,
				5206608B29601F1600D65347 /* AppDelegate.swift */,
				5206608D29601F2F00D65347 /* SceneDelegate.swift */,
				5206602C2960088D00D65347 /* ContentView.swift */,
				5206602A2960088D00D65347 /* payment_appApp.swift */,
			);
			path = App;
			sourceTree = "<group>";
		};
		5206605729600E9200D65347 /* Constants and Extensions */ = {
			isa = PBXGroup;
			children = (
				520660672960107B00D65347 /* Alerts.swift */,
				52066069296010B700D65347 /* AppConstants.swift */,
				5206606B2960111600D65347 /* AppTexts.swift */,
				52066071296011AF00D65347 /* Extensions.swift */,
				5206606D2960115300D65347 /* GeneralFunctions.swift */,
				5206606F2960118100D65347 /* Singleton.swift */,
			);
			path = "Constants and Extensions";
			sourceTree = "<group>";
		};
		5206605829600EAC00D65347 /* Screens and Widgets */ = {
			isa = PBXGroup;
			children = (
				528B5913296531000076A88A /* Screens */,
				5206608F29601FE900D65347 /* Storyboard */,
				520660752960193100D65347 /* Widgets */,
			);
			path = "Screens and Widgets";
			sourceTree = "<group>";
		};
		5206605929600ED300D65347 /* Assets */ = {
			isa = PBXGroup;
			children = (
				5206607D29601AD700D65347 /* Fonts */,
				5206602E2960088F00D65347 /* Assets.xcassets */,
				520660652960106000D65347 /* Colors.xcassets */,
			);
			path = Assets;
			sourceTree = "<group>";
		};
		5206606029600F8700D65347 /* View Models */ = {
			isa = PBXGroup;
			children = (
				52BC3FB929694B2D003A0B42 /* CameraViewModel.swift */,
				528B592929653BF60076A88A /* LoginViewModel.swift */,
				528B593F29654C9E0076A88A /* ProfileViewModel.swift */,
				52BC3FB529693131003A0B42 /* ContactsViewModel.swift */,
			);
			path = "View Models";
			sourceTree = "<group>";
		};
		5206606129600F9100D65347 /* Models */ = {
			isa = PBXGroup;
			children = (
				528B592B29653C810076A88A /* LoginResponse.swift */,
				52BC3FB7296935BD003A0B42 /* ContactsModel.swift */,
				528B592D29653E5F0076A88A /* BaseResponse.swift */,
			);
			path = Models;
			sourceTree = "<group>";
		};
		5206606229600F9D00D65347 /* Models used to send data */ = {
			isa = PBXGroup;
			children = (
				520660732960132B00D65347 /* FileModel.swift */,
			);
			path = "Models used to send data";
			sourceTree = "<group>";
		};
		520660752960193100D65347 /* Widgets */ = {
			isa = PBXGroup;
			children = (
				528B59162965351E0076A88A /* App Reusable Widgets */,
				528B59192965367F0076A88A /* Buttons */,
				528B59202965377E0076A88A /* Image and Sliders */,
				528B59362965489B0076A88A /* Loader */,
				528B592F296542F30076A88A /* OTP TextField */,
				52066076296019D200D65347 /* TextFields */,
				528B593B296549300076A88A /* BlurView.swift */,
				528B594F29658BDB0076A88A /* CardView.swift */,
			);
			path = Widgets;
			sourceTree = "<group>";
		};
		52066076296019D200D65347 /* TextFields */ = {
			isa = PBXGroup;
			children = (
				52066077296019E400D65347 /* MySecureField.swift */,
				52066079296019F900D65347 /* MyTextField.swift */,
				528B5949296563C30076A88A /* SearchTextField.swift */,
				5206607B29601A1B00D65347 /* MyTextView.swift */,
				52B029592968097C000FC386 /* AdjustableHeightTextView.swift */,
			);
			path = TextFields;
			sourceTree = "<group>";
		};
		5206607D29601AD700D65347 /* Fonts */ = {
			isa = PBXGroup;
			children = (
				5206607E29601B1A00D65347 /* Bitter-Bold.ttf */,
				5206608229601B1A00D65347 /* Bitter-Light.ttf */,
				5206607F29601B1A00D65347 /* Bitter-Medium.ttf */,
				5206608029601B1A00D65347 /* Bitter-Regular.ttf */,
				5206608129601B1A00D65347 /* Bitter-SemiBold.ttf */,
			);
			path = Fonts;
			sourceTree = "<group>";
		};
		5206608F29601FE900D65347 /* Storyboard */ = {
			isa = PBXGroup;
			children = (
				5206609029601FF800D65347 /* LaunchScreen.storyboard */,
			);
			path = Storyboard;
			sourceTree = "<group>";
		};
		528B5913296531000076A88A /* Screens */ = {
			isa = PBXGroup;
			children = (
				528B594229654F810076A88A /* Dashboard */,
				528B594129654F760076A88A /* Login */,
			);
			path = Screens;
			sourceTree = "<group>";
		};
		528B59162965351E0076A88A /* App Reusable Widgets */ = {
			isa = PBXGroup;
			children = (
				528B59172965352E0076A88A /* LoginFieldsOuterView.swift */,
				52B029552967D948000FC386 /* PaymentStatusView.swift */,
				528B594729655F6D0076A88A /* AvatarView.swift */,
			);
			path = "App Reusable Widgets";
			sourceTree = "<group>";
		};
		528B59192965367F0076A88A /* Buttons */ = {
			isa = PBXGroup;
			children = (
				528B591A2965367F0076A88A /* MaxWidthButton.swift */,
				528B591B2965367F0076A88A /* MinWidthButton.swift */,
				528B591C2965367F0076A88A /* IconButton.swift */,
			);
			path = Buttons;
			sourceTree = "<group>";
		};
		528B59202965377E0076A88A /* Image and Sliders */ = {
			isa = PBXGroup;
			children = (
				528B59212965377E0076A88A /* KingfisherImageView.swift */,
				528B59222965377E0076A88A /* ImageView.swift */,
			);
			path = "Image and Sliders";
			sourceTree = "<group>";
		};
		528B592F296542F30076A88A /* OTP TextField */ = {
			isa = PBXGroup;
			children = (
				528B5930296542F30076A88A /* OTPTextFieldViewModel.swift */,
				528B5931296542F30076A88A /* OTPTextField.swift */,
				528B5932296542F30076A88A /* DisabledActionsTextField.swift */,
			);
			path = "OTP TextField";
			sourceTree = "<group>";
		};
		528B59362965489B0076A88A /* Loader */ = {
			isa = PBXGroup;
			children = (
				528B5937296548A10076A88A /* Loader.swift */,
				528B5939296549160076A88A /* LargeProgressView.swift */,
			);
			path = Loader;
			sourceTree = "<group>";
		};
		528B594129654F760076A88A /* Login */ = {
			isa = PBXGroup;
			children = (
				528B5914296531140076A88A /* LoginScreen.swift */,
				528B5927296539250076A88A /* OTPVerifyScreen.swift */,
			);
			path = Login;
			sourceTree = "<group>";
		};
		528B594229654F810076A88A /* Dashboard */ = {
			isa = PBXGroup;
			children = (
				52BB137C2966A38400ADB832 /* Bank Account Screen */,
				52B029542967D922000FC386 /* Chat Screen */,
				52B029522967D56A000FC386 /* ChooseBankSheet.swift */,
				528B594B29656B290076A88A /* FillBankDetailsScreen.swift */,
				528B593D29654BFC0076A88A /* FillUserDetailsScreen.swift */,
				52BC3FBD29697488003A0B42 /* QRCodeInfoScreen.swift */,
				528B594329654F920076A88A /* HomeScreen.swift */,
				52BB13832966EEFC00ADB832 /* PaymentDetailsScreen.swift */,
				52BB137F2966ABE200ADB832 /* PayToNumberScreen.swift */,
				52BB13812966E87500ADB832 /* PayToScreen.swift */,
				52BC3FB329692E36003A0B42 /* PayToUPIIDScreen.swift */,
				52BB137829669BDB00ADB832 /* ProfileScreen.swift */,
				52BC3FBB29694DCE003A0B42 /* ScanQRScreen.swift */,
				528B5945296558860076A88A /* SelectBankScreen.swift */,
				52BB13762966939400ADB832 /* WalletTransactionsScreen.swift */,
			);
			path = Dashboard;
			sourceTree = "<group>";
		};
		52B029542967D922000FC386 /* Chat Screen */ = {
			isa = PBXGroup;
			children = (
				52B029502967D555000FC386 /* ChatScreen.swift */,
				52B029572967D9DD000FC386 /* MessageCell.swift */,
			);
			path = "Chat Screen";
			sourceTree = "<group>";
		};
		52BB137C2966A38400ADB832 /* Bank Account Screen */ = {
			isa = PBXGroup;
			children = (
				52BB137A2966A34400ADB832 /* BankAccountsScreen.swift */,
				52BB137D2966A3A500ADB832 /* BankAccountCell.swift */,
			);
			path = "Bank Account Screen";
			sourceTree = "<group>";
		};
/* End PBXGroup section */

/* Begin PBXNativeTarget section */
		520660262960088D00D65347 /* payment_app */ = {
			isa = PBXNativeTarget;
			buildConfigurationList = 5206604B2960089000D65347 /* Build configuration list for PBXNativeTarget "payment_app" */;
			buildPhases = (
				0F10413C7E2CD01247B41F0C /* [CP] Check Pods Manifest.lock */,
				520660232960088D00D65347 /* Sources */,
				520660242960088D00D65347 /* Frameworks */,
				520660252960088D00D65347 /* Resources */,
				7577E01347575E56CDFB6BFB /* [CP] Embed Pods Frameworks */,
			);
			buildRules = (
			);
			dependencies = (
			);
			name = payment_app;
			packageProductDependencies = (
				52BC3FB129692AEF003A0B42 /* CodeScanner */,
			);
			productName = payment_app;
			productReference = 520660272960088D00D65347 /* payment_app.app */;
			productType = "com.apple.product-type.application";
		};
		520660362960088F00D65347 /* payment_appTests */ = {
			isa = PBXNativeTarget;
			buildConfigurationList = 5206604E2960089000D65347 /* Build configuration list for PBXNativeTarget "payment_appTests" */;
			buildPhases = (
				B1B647ABBA07D5EDFB181843 /* [CP] Check Pods Manifest.lock */,
				520660332960088F00D65347 /* Sources */,
				520660342960088F00D65347 /* Frameworks */,
				520660352960088F00D65347 /* Resources */,
			);
			buildRules = (
			);
			dependencies = (
				520660392960088F00D65347 /* PBXTargetDependency */,
			);
			name = payment_appTests;
			productName = payment_appTests;
			productReference = 520660372960088F00D65347 /* payment_appTests.xctest */;
			productType = "com.apple.product-type.bundle.unit-test";
		};
		520660402960088F00D65347 /* payment_appUITests */ = {
			isa = PBXNativeTarget;
			buildConfigurationList = 520660512960089000D65347 /* Build configuration list for PBXNativeTarget "payment_appUITests" */;
			buildPhases = (
				0ADCD7947F0C0D9E23F0BDB9 /* [CP] Check Pods Manifest.lock */,
				5206603D2960088F00D65347 /* Sources */,
				5206603E2960088F00D65347 /* Frameworks */,
				5206603F2960088F00D65347 /* Resources */,
				A733E8278BE46A09FE8A7642 /* [CP] Embed Pods Frameworks */,
			);
			buildRules = (
			);
			dependencies = (
				520660432960089000D65347 /* PBXTargetDependency */,
			);
			name = payment_appUITests;
			productName = payment_appUITests;
			productReference = 520660412960089000D65347 /* payment_appUITests.xctest */;
			productType = "com.apple.product-type.bundle.ui-testing";
		};
/* End PBXNativeTarget section */

/* Begin PBXProject section */
		5206601F2960088C00D65347 /* Project object */ = {
			isa = PBXProject;
			attributes = {
				BuildIndependentTargetsInParallel = 1;
				LastSwiftUpdateCheck = 1410;
				LastUpgradeCheck = 1410;
				TargetAttributes = {
					520660262960088D00D65347 = {
						CreatedOnToolsVersion = 14.1;
					};
					520660362960088F00D65347 = {
						CreatedOnToolsVersion = 14.1;
						TestTargetID = 520660262960088D00D65347;
					};
					520660402960088F00D65347 = {
						CreatedOnToolsVersion = 14.1;
						TestTargetID = 520660262960088D00D65347;
					};
				};
			};
			buildConfigurationList = 520660222960088C00D65347 /* Build configuration list for PBXProject "payment_app" */;
			compatibilityVersion = "Xcode 14.0";
			developmentRegion = en;
			hasScannedForEncodings = 0;
			knownRegions = (
				en,
				Base,
			);
			mainGroup = 5206601E2960088C00D65347;
			packageReferences = (
				52BC3FB029692AEF003A0B42 /* XCRemoteSwiftPackageReference "CodeScanner" */,
			);
			productRefGroup = 520660282960088D00D65347 /* Products */;
			projectDirPath = "";
			projectRoot = "";
			targets = (
				520660262960088D00D65347 /* payment_app */,
				520660362960088F00D65347 /* payment_appTests */,
				520660402960088F00D65347 /* payment_appUITests */,
			);
		};
/* End PBXProject section */

/* Begin PBXResourcesBuildPhase section */
		520660252960088D00D65347 /* Resources */ = {
			isa = PBXResourcesBuildPhase;
			buildActionMask = 2147483647;
			files = (
				5206609129601FF800D65347 /* LaunchScreen.storyboard in Resources */,
				520660662960106000D65347 /* Colors.xcassets in Resources */,
				520660322960088F00D65347 /* Preview Assets.xcassets in Resources */,
				5206608429601B1A00D65347 /* Bitter-Medium.ttf in Resources */,
				5206608729601B1A00D65347 /* Bitter-Light.ttf in Resources */,
				5206608629601B1A00D65347 /* Bitter-SemiBold.ttf in Resources */,
				5206608529601B1A00D65347 /* Bitter-Regular.ttf in Resources */,
				5206602F2960088F00D65347 /* Assets.xcassets in Resources */,
				5206608329601B1A00D65347 /* Bitter-Bold.ttf in Resources */,
			);
			runOnlyForDeploymentPostprocessing = 0;
		};
		520660352960088F00D65347 /* Resources */ = {
			isa = PBXResourcesBuildPhase;
			buildActionMask = 2147483647;
			files = (
			);
			runOnlyForDeploymentPostprocessing = 0;
		};
		5206603F2960088F00D65347 /* Resources */ = {
			isa = PBXResourcesBuildPhase;
			buildActionMask = 2147483647;
			files = (
			);
			runOnlyForDeploymentPostprocessing = 0;
		};
/* End PBXResourcesBuildPhase section */

/* Begin PBXShellScriptBuildPhase section */
		0ADCD7947F0C0D9E23F0BDB9 /* [CP] Check Pods Manifest.lock */ = {
			isa = PBXShellScriptBuildPhase;
			buildActionMask = 2147483647;
			files = (
			);
			inputFileListPaths = (
			);
			inputPaths = (
				"${PODS_PODFILE_DIR_PATH}/Podfile.lock",
				"${PODS_ROOT}/Manifest.lock",
			);
			name = "[CP] Check Pods Manifest.lock";
			outputFileListPaths = (
			);
			outputPaths = (
				"$(DERIVED_FILE_DIR)/Pods-payment_app-payment_appUITests-checkManifestLockResult.txt",
			);
			runOnlyForDeploymentPostprocessing = 0;
			shellPath = /bin/sh;
			shellScript = "diff \"${PODS_PODFILE_DIR_PATH}/Podfile.lock\" \"${PODS_ROOT}/Manifest.lock\" > /dev/null\nif [ $? != 0 ] ; then\n    # print error to STDERR\n    echo \"error: The sandbox is not in sync with the Podfile.lock. Run 'pod install' or update your CocoaPods installation.\" >&2\n    exit 1\nfi\n# This output is used by Xcode 'outputs' to avoid re-running this script phase.\necho \"SUCCESS\" > \"${SCRIPT_OUTPUT_FILE_0}\"\n";
			showEnvVarsInLog = 0;
		};
		0F10413C7E2CD01247B41F0C /* [CP] Check Pods Manifest.lock */ = {
			isa = PBXShellScriptBuildPhase;
			buildActionMask = 2147483647;
			files = (
			);
			inputFileListPaths = (
			);
			inputPaths = (
				"${PODS_PODFILE_DIR_PATH}/Podfile.lock",
				"${PODS_ROOT}/Manifest.lock",
			);
			name = "[CP] Check Pods Manifest.lock";
			outputFileListPaths = (
			);
			outputPaths = (
				"$(DERIVED_FILE_DIR)/Pods-payment_app-checkManifestLockResult.txt",
			);
			runOnlyForDeploymentPostprocessing = 0;
			shellPath = /bin/sh;
			shellScript = "diff \"${PODS_PODFILE_DIR_PATH}/Podfile.lock\" \"${PODS_ROOT}/Manifest.lock\" > /dev/null\nif [ $? != 0 ] ; then\n    # print error to STDERR\n    echo \"error: The sandbox is not in sync with the Podfile.lock. Run 'pod install' or update your CocoaPods installation.\" >&2\n    exit 1\nfi\n# This output is used by Xcode 'outputs' to avoid re-running this script phase.\necho \"SUCCESS\" > \"${SCRIPT_OUTPUT_FILE_0}\"\n";
			showEnvVarsInLog = 0;
		};
		7577E01347575E56CDFB6BFB /* [CP] Embed Pods Frameworks */ = {
			isa = PBXShellScriptBuildPhase;
			buildActionMask = 2147483647;
			files = (
			);
			inputFileListPaths = (
				"${PODS_ROOT}/Target Support Files/Pods-payment_app/Pods-payment_app-frameworks-${CONFIGURATION}-input-files.xcfilelist",
			);
			name = "[CP] Embed Pods Frameworks";
			outputFileListPaths = (
				"${PODS_ROOT}/Target Support Files/Pods-payment_app/Pods-payment_app-frameworks-${CONFIGURATION}-output-files.xcfilelist",
			);
			runOnlyForDeploymentPostprocessing = 0;
			shellPath = /bin/sh;
			shellScript = "\"${PODS_ROOT}/Target Support Files/Pods-payment_app/Pods-payment_app-frameworks.sh\"\n";
			showEnvVarsInLog = 0;
		};
		A733E8278BE46A09FE8A7642 /* [CP] Embed Pods Frameworks */ = {
			isa = PBXShellScriptBuildPhase;
			buildActionMask = 2147483647;
			files = (
			);
			inputFileListPaths = (
				"${PODS_ROOT}/Target Support Files/Pods-payment_app-payment_appUITests/Pods-payment_app-payment_appUITests-frameworks-${CONFIGURATION}-input-files.xcfilelist",
			);
			name = "[CP] Embed Pods Frameworks";
			outputFileListPaths = (
				"${PODS_ROOT}/Target Support Files/Pods-payment_app-payment_appUITests/Pods-payment_app-payment_appUITests-frameworks-${CONFIGURATION}-output-files.xcfilelist",
			);
			runOnlyForDeploymentPostprocessing = 0;
			shellPath = /bin/sh;
			shellScript = "\"${PODS_ROOT}/Target Support Files/Pods-payment_app-payment_appUITests/Pods-payment_app-payment_appUITests-frameworks.sh\"\n";
			showEnvVarsInLog = 0;
		};
		B1B647ABBA07D5EDFB181843 /* [CP] Check Pods Manifest.lock */ = {
			isa = PBXShellScriptBuildPhase;
			buildActionMask = 2147483647;
			files = (
			);
			inputFileListPaths = (
			);
			inputPaths = (
				"${PODS_PODFILE_DIR_PATH}/Podfile.lock",
				"${PODS_ROOT}/Manifest.lock",
			);
			name = "[CP] Check Pods Manifest.lock";
			outputFileListPaths = (
			);
			outputPaths = (
				"$(DERIVED_FILE_DIR)/Pods-payment_appTests-checkManifestLockResult.txt",
			);
			runOnlyForDeploymentPostprocessing = 0;
			shellPath = /bin/sh;
			shellScript = "diff \"${PODS_PODFILE_DIR_PATH}/Podfile.lock\" \"${PODS_ROOT}/Manifest.lock\" > /dev/null\nif [ $? != 0 ] ; then\n    # print error to STDERR\n    echo \"error: The sandbox is not in sync with the Podfile.lock. Run 'pod install' or update your CocoaPods installation.\" >&2\n    exit 1\nfi\n# This output is used by Xcode 'outputs' to avoid re-running this script phase.\necho \"SUCCESS\" > \"${SCRIPT_OUTPUT_FILE_0}\"\n";
			showEnvVarsInLog = 0;
		};
/* End PBXShellScriptBuildPhase section */

/* Begin PBXSourcesBuildPhase section */
		520660232960088D00D65347 /* Sources */ = {
			isa = PBXSourcesBuildPhase;
			buildActionMask = 2147483647;
			files = (
				528B5928296539250076A88A /* OTPVerifyScreen.swift in Sources */,
				528B594C29656B290076A88A /* FillBankDetailsScreen.swift in Sources */,
				528B59252965377E0076A88A /* ImageView.swift in Sources */,
				528B5946296558860076A88A /* SelectBankScreen.swift in Sources */,
				52BB137929669BDB00ADB832 /* ProfileScreen.swift in Sources */,
				528B5933296542F30076A88A /* OTPTextFieldViewModel.swift in Sources */,
				5206607A296019F900D65347 /* MyTextField.swift in Sources */,
				528B595029658BDB0076A88A /* CardView.swift in Sources */,
				5206607C29601A1B00D65347 /* MyTextView.swift in Sources */,
				520660642960101800D65347 /* AppEnvironmentObject.swift in Sources */,
				52066078296019E400D65347 /* MySecureField.swift in Sources */,
				528B592C29653C810076A88A /* LoginResponse.swift in Sources */,
				528B5938296548A10076A88A /* Loader.swift in Sources */,
				5206605B29600EEC00D65347 /* ApiServices.swift in Sources */,
				5206606C2960111600D65347 /* AppTexts.swift in Sources */,
				528B592A29653BF60076A88A /* LoginViewModel.swift in Sources */,
				52BC3FB8296935BD003A0B42 /* ContactsModel.swift in Sources */,
				528B594829655F6D0076A88A /* AvatarView.swift in Sources */,
				52BC3FB429692E36003A0B42 /* PayToUPIIDScreen.swift in Sources */,
				528B5935296542F30076A88A /* DisabledActionsTextField.swift in Sources */,
				52BB13772966939400ADB832 /* WalletTransactionsScreen.swift in Sources */,
				5206602D2960088D00D65347 /* ContentView.swift in Sources */,
				528B592E29653E5F0076A88A /* BaseResponse.swift in Sources */,
				52BB137E2966A3A500ADB832 /* BankAccountCell.swift in Sources */,
				52BC3FBA29694B2D003A0B42 /* CameraViewModel.swift in Sources */,
				528B591E2965367F0076A88A /* MinWidthButton.swift in Sources */,
				528B5934296542F30076A88A /* OTPTextField.swift in Sources */,
				528B59182965352E0076A88A /* LoginFieldsOuterView.swift in Sources */,
				528B591D2965367F0076A88A /* MaxWidthButton.swift in Sources */,
				52BC3FBC29694DCE003A0B42 /* ScanQRScreen.swift in Sources */,
				5206606A296010B700D65347 /* AppConstants.swift in Sources */,
				5206605D29600F2300D65347 /* Endpoints.swift in Sources */,
				52BB137B2966A34400ADB832 /* BankAccountsScreen.swift in Sources */,
				528B59242965377E0076A88A /* KingfisherImageView.swift in Sources */,
				52BC3FBE29697488003A0B42 /* QRCodeInfoScreen.swift in Sources */,
				528B593C296549300076A88A /* BlurView.swift in Sources */,
				520660702960118200D65347 /* Singleton.swift in Sources */,
				52066072296011AF00D65347 /* Extensions.swift in Sources */,
				52BB13842966EEFC00ADB832 /* PaymentDetailsScreen.swift in Sources */,
				5206608E29601F2F00D65347 /* SceneDelegate.swift in Sources */,
				52BB13802966ABE200ADB832 /* PayToNumberScreen.swift in Sources */,
				528B594029654C9E0076A88A /* ProfileViewModel.swift in Sources */,
				52B029512967D555000FC386 /* ChatScreen.swift in Sources */,
				528B591F2965367F0076A88A /* IconButton.swift in Sources */,
				528B594429654F920076A88A /* HomeScreen.swift in Sources */,
				5206606E2960115300D65347 /* GeneralFunctions.swift in Sources */,
				52BB13822966E87500ADB832 /* PayToScreen.swift in Sources */,
				52BC3FB629693131003A0B42 /* ContactsViewModel.swift in Sources */,
				520660742960132B00D65347 /* FileModel.swift in Sources */,
				528B594A296563C30076A88A /* SearchTextField.swift in Sources */,
				52B029562967D948000FC386 /* PaymentStatusView.swift in Sources */,
				5206602B2960088D00D65347 /* payment_appApp.swift in Sources */,
				528B593E29654BFC0076A88A /* FillUserDetailsScreen.swift in Sources */,
				520660682960107B00D65347 /* Alerts.swift in Sources */,
				52B029582967D9DD000FC386 /* MessageCell.swift in Sources */,
				5206608C29601F1600D65347 /* AppDelegate.swift in Sources */,
				528B593A296549160076A88A /* LargeProgressView.swift in Sources */,
				528B5915296531140076A88A /* LoginScreen.swift in Sources */,
				52B0295A2968097C000FC386 /* AdjustableHeightTextView.swift in Sources */,
				52B029532967D56A000FC386 /* ChooseBankSheet.swift in Sources */,
				5206605F29600F5800D65347 /* InternetConnectivityViewModel.swift in Sources */,
			);
			runOnlyForDeploymentPostprocessing = 0;
		};
		520660332960088F00D65347 /* Sources */ = {
			isa = PBXSourcesBuildPhase;
			buildActionMask = 2147483647;
			files = (
				5206603C2960088F00D65347 /* payment_appTests.swift in Sources */,
			);
			runOnlyForDeploymentPostprocessing = 0;
		};
		5206603D2960088F00D65347 /* Sources */ = {
			isa = PBXSourcesBuildPhase;
			buildActionMask = 2147483647;
			files = (
				520660462960089000D65347 /* payment_appUITests.swift in Sources */,
				520660482960089000D65347 /* payment_appUITestsLaunchTests.swift in Sources */,
			);
			runOnlyForDeploymentPostprocessing = 0;
		};
/* End PBXSourcesBuildPhase section */

/* Begin PBXTargetDependency section */
		520660392960088F00D65347 /* PBXTargetDependency */ = {
			isa = PBXTargetDependency;
			target = 520660262960088D00D65347 /* payment_app */;
			targetProxy = 520660382960088F00D65347 /* PBXContainerItemProxy */;
		};
		520660432960089000D65347 /* PBXTargetDependency */ = {
			isa = PBXTargetDependency;
			target = 520660262960088D00D65347 /* payment_app */;
			targetProxy = 520660422960089000D65347 /* PBXContainerItemProxy */;
		};
/* End PBXTargetDependency section */

/* Begin XCBuildConfiguration section */
		520660492960089000D65347 /* Debug */ = {
			isa = XCBuildConfiguration;
			buildSettings = {
				ALWAYS_SEARCH_USER_PATHS = NO;
				CLANG_ANALYZER_NONNULL = YES;
				CLANG_ANALYZER_NUMBER_OBJECT_CONVERSION = YES_AGGRESSIVE;
				CLANG_CXX_LANGUAGE_STANDARD = "gnu++20";
				CLANG_ENABLE_MODULES = YES;
				CLANG_ENABLE_OBJC_ARC = YES;
				CLANG_ENABLE_OBJC_WEAK = YES;
				CLANG_WARN_BLOCK_CAPTURE_AUTORELEASING = YES;
				CLANG_WARN_BOOL_CONVERSION = YES;
				CLANG_WARN_COMMA = YES;
				CLANG_WARN_CONSTANT_CONVERSION = YES;
				CLANG_WARN_DEPRECATED_OBJC_IMPLEMENTATIONS = YES;
				CLANG_WARN_DIRECT_OBJC_ISA_USAGE = YES_ERROR;
				CLANG_WARN_DOCUMENTATION_COMMENTS = YES;
				CLANG_WARN_EMPTY_BODY = YES;
				CLANG_WARN_ENUM_CONVERSION = YES;
				CLANG_WARN_INFINITE_RECURSION = YES;
				CLANG_WARN_INT_CONVERSION = YES;
				CLANG_WARN_NON_LITERAL_NULL_CONVERSION = YES;
				CLANG_WARN_OBJC_IMPLICIT_RETAIN_SELF = YES;
				CLANG_WARN_OBJC_LITERAL_CONVERSION = YES;
				CLANG_WARN_OBJC_ROOT_CLASS = YES_ERROR;
				CLANG_WARN_QUOTED_INCLUDE_IN_FRAMEWORK_HEADER = YES;
				CLANG_WARN_RANGE_LOOP_ANALYSIS = YES;
				CLANG_WARN_STRICT_PROTOTYPES = YES;
				CLANG_WARN_SUSPICIOUS_MOVE = YES;
				CLANG_WARN_UNGUARDED_AVAILABILITY = YES_AGGRESSIVE;
				CLANG_WARN_UNREACHABLE_CODE = YES;
				CLANG_WARN__DUPLICATE_METHOD_MATCH = YES;
				COPY_PHASE_STRIP = NO;
				DEBUG_INFORMATION_FORMAT = dwarf;
				ENABLE_STRICT_OBJC_MSGSEND = YES;
				ENABLE_TESTABILITY = YES;
				GCC_C_LANGUAGE_STANDARD = gnu11;
				GCC_DYNAMIC_NO_PIC = NO;
				GCC_NO_COMMON_BLOCKS = YES;
				GCC_OPTIMIZATION_LEVEL = 0;
				GCC_PREPROCESSOR_DEFINITIONS = (
					"DEBUG=1",
					"$(inherited)",
				);
				GCC_WARN_64_TO_32_BIT_CONVERSION = YES;
				GCC_WARN_ABOUT_RETURN_TYPE = YES_ERROR;
				GCC_WARN_UNDECLARED_SELECTOR = YES;
				GCC_WARN_UNINITIALIZED_AUTOS = YES_AGGRESSIVE;
				GCC_WARN_UNUSED_FUNCTION = YES;
				GCC_WARN_UNUSED_VARIABLE = YES;
				IPHONEOS_DEPLOYMENT_TARGET = 16.1;
				MTL_ENABLE_DEBUG_INFO = INCLUDE_SOURCE;
				MTL_FAST_MATH = YES;
				ONLY_ACTIVE_ARCH = YES;
				SDKROOT = iphoneos;
				SWIFT_ACTIVE_COMPILATION_CONDITIONS = DEBUG;
				SWIFT_OPTIMIZATION_LEVEL = "-Onone";
			};
			name = Debug;
		};
		5206604A2960089000D65347 /* Release */ = {
			isa = XCBuildConfiguration;
			buildSettings = {
				ALWAYS_SEARCH_USER_PATHS = NO;
				CLANG_ANALYZER_NONNULL = YES;
				CLANG_ANALYZER_NUMBER_OBJECT_CONVERSION = YES_AGGRESSIVE;
				CLANG_CXX_LANGUAGE_STANDARD = "gnu++20";
				CLANG_ENABLE_MODULES = YES;
				CLANG_ENABLE_OBJC_ARC = YES;
				CLANG_ENABLE_OBJC_WEAK = YES;
				CLANG_WARN_BLOCK_CAPTURE_AUTORELEASING = YES;
				CLANG_WARN_BOOL_CONVERSION = YES;
				CLANG_WARN_COMMA = YES;
				CLANG_WARN_CONSTANT_CONVERSION = YES;
				CLANG_WARN_DEPRECATED_OBJC_IMPLEMENTATIONS = YES;
				CLANG_WARN_DIRECT_OBJC_ISA_USAGE = YES_ERROR;
				CLANG_WARN_DOCUMENTATION_COMMENTS = YES;
				CLANG_WARN_EMPTY_BODY = YES;
				CLANG_WARN_ENUM_CONVERSION = YES;
				CLANG_WARN_INFINITE_RECURSION = YES;
				CLANG_WARN_INT_CONVERSION = YES;
				CLANG_WARN_NON_LITERAL_NULL_CONVERSION = YES;
				CLANG_WARN_OBJC_IMPLICIT_RETAIN_SELF = YES;
				CLANG_WARN_OBJC_LITERAL_CONVERSION = YES;
				CLANG_WARN_OBJC_ROOT_CLASS = YES_ERROR;
				CLANG_WARN_QUOTED_INCLUDE_IN_FRAMEWORK_HEADER = YES;
				CLANG_WARN_RANGE_LOOP_ANALYSIS = YES;
				CLANG_WARN_STRICT_PROTOTYPES = YES;
				CLANG_WARN_SUSPICIOUS_MOVE = YES;
				CLANG_WARN_UNGUARDED_AVAILABILITY = YES_AGGRESSIVE;
				CLANG_WARN_UNREACHABLE_CODE = YES;
				CLANG_WARN__DUPLICATE_METHOD_MATCH = YES;
				COPY_PHASE_STRIP = NO;
				DEBUG_INFORMATION_FORMAT = "dwarf-with-dsym";
				ENABLE_NS_ASSERTIONS = NO;
				ENABLE_STRICT_OBJC_MSGSEND = YES;
				GCC_C_LANGUAGE_STANDARD = gnu11;
				GCC_NO_COMMON_BLOCKS = YES;
				GCC_WARN_64_TO_32_BIT_CONVERSION = YES;
				GCC_WARN_ABOUT_RETURN_TYPE = YES_ERROR;
				GCC_WARN_UNDECLARED_SELECTOR = YES;
				GCC_WARN_UNINITIALIZED_AUTOS = YES_AGGRESSIVE;
				GCC_WARN_UNUSED_FUNCTION = YES;
				GCC_WARN_UNUSED_VARIABLE = YES;
				IPHONEOS_DEPLOYMENT_TARGET = 16.1;
				MTL_ENABLE_DEBUG_INFO = NO;
				MTL_FAST_MATH = YES;
				SDKROOT = iphoneos;
				SWIFT_COMPILATION_MODE = wholemodule;
				SWIFT_OPTIMIZATION_LEVEL = "-O";
				VALIDATE_PRODUCT = YES;
			};
			name = Release;
		};
		5206604C2960089000D65347 /* Debug */ = {
			isa = XCBuildConfiguration;
			baseConfigurationReference = CCA997A2FC8558DB96FF9C37 /* Pods-payment_app.debug.xcconfig */;
			buildSettings = {
				ASSETCATALOG_COMPILER_APPICON_NAME = AppIcon;
				ASSETCATALOG_COMPILER_GLOBAL_ACCENT_COLOR_NAME = AccentColor;
				CODE_SIGN_STYLE = Automatic;
				CURRENT_PROJECT_VERSION = 1;
				DEVELOPMENT_ASSET_PATHS = "\"payment_app/Preview Content\"";
				ENABLE_PREVIEWS = YES;
				GENERATE_INFOPLIST_FILE = YES;
				INFOPLIST_FILE = "payment-app-Info.plist";
				INFOPLIST_KEY_NSCameraUsageDescription = "$(PRODUCT_NAME) requires access to camera to scan QR Codes";
				INFOPLIST_KEY_UIApplicationSceneManifest_Generation = YES;
				INFOPLIST_KEY_UIApplicationSupportsIndirectInputEvents = YES;
				INFOPLIST_KEY_UILaunchScreen_Generation = YES;
				INFOPLIST_KEY_UILaunchStoryboardName = LaunchScreen;
				INFOPLIST_KEY_UISupportedInterfaceOrientations = UIInterfaceOrientationPortrait;
				IPHONEOS_DEPLOYMENT_TARGET = 14.0;
				LD_RUNPATH_SEARCH_PATHS = (
					"$(inherited)",
					"@executable_path/Frameworks",
				);
				MARKETING_VERSION = 1.0;
				PRODUCT_BUNDLE_IDENTIFIER = "com.company.payment-app";
				PRODUCT_NAME = "$(TARGET_NAME)";
				SWIFT_EMIT_LOC_STRINGS = YES;
				SWIFT_VERSION = 5.0;
				TARGETED_DEVICE_FAMILY = "1,2";
			};
			name = Debug;
		};
		5206604D2960089000D65347 /* Release */ = {
			isa = XCBuildConfiguration;
			baseConfigurationReference = 6C7BBEA17A316D728F8C40D8 /* Pods-payment_app.release.xcconfig */;
			buildSettings = {
				ASSETCATALOG_COMPILER_APPICON_NAME = AppIcon;
				ASSETCATALOG_COMPILER_GLOBAL_ACCENT_COLOR_NAME = AccentColor;
				CODE_SIGN_STYLE = Automatic;
				CURRENT_PROJECT_VERSION = 1;
				DEVELOPMENT_ASSET_PATHS = "\"payment_app/Preview Content\"";
				ENABLE_PREVIEWS = YES;
				GENERATE_INFOPLIST_FILE = YES;
				INFOPLIST_FILE = "payment-app-Info.plist";
				INFOPLIST_KEY_NSCameraUsageDescription = "$(PRODUCT_NAME) requires access to camera to scan QR Codes";
				INFOPLIST_KEY_UIApplicationSceneManifest_Generation = YES;
				INFOPLIST_KEY_UIApplicationSupportsIndirectInputEvents = YES;
				INFOPLIST_KEY_UILaunchScreen_Generation = YES;
				INFOPLIST_KEY_UILaunchStoryboardName = LaunchScreen;
				INFOPLIST_KEY_UISupportedInterfaceOrientations = UIInterfaceOrientationPortrait;
				IPHONEOS_DEPLOYMENT_TARGET = 14.0;
				LD_RUNPATH_SEARCH_PATHS = (
					"$(inherited)",
					"@executable_path/Frameworks",
				);
				MARKETING_VERSION = 1.0;
				PRODUCT_BUNDLE_IDENTIFIER = "com.company.payment-app";
				PRODUCT_NAME = "$(TARGET_NAME)";
				SWIFT_EMIT_LOC_STRINGS = YES;
				SWIFT_VERSION = 5.0;
				TARGETED_DEVICE_FAMILY = "1,2";
			};
			name = Release;
		};
		5206604F2960089000D65347 /* Debug */ = {
			isa = XCBuildConfiguration;
			baseConfigurationReference = BAEA80BE31847EB613AEF2DF /* Pods-payment_appTests.debug.xcconfig */;
			buildSettings = {
				ALWAYS_EMBED_SWIFT_STANDARD_LIBRARIES = YES;
				BUNDLE_LOADER = "$(TEST_HOST)";
				CODE_SIGN_STYLE = Automatic;
				CURRENT_PROJECT_VERSION = 1;
				GENERATE_INFOPLIST_FILE = YES;
				IPHONEOS_DEPLOYMENT_TARGET = 16.1;
				MARKETING_VERSION = 1.0;
				PRODUCT_BUNDLE_IDENTIFIER = "com.company.payment-appTests";
				PRODUCT_NAME = "$(TARGET_NAME)";
				SWIFT_EMIT_LOC_STRINGS = NO;
				SWIFT_VERSION = 5.0;
				TARGETED_DEVICE_FAMILY = "1,2";
				TEST_HOST = "$(BUILT_PRODUCTS_DIR)/payment_app.app/$(BUNDLE_EXECUTABLE_FOLDER_PATH)/payment_app";
			};
			name = Debug;
		};
		520660502960089000D65347 /* Release */ = {
			isa = XCBuildConfiguration;
			baseConfigurationReference = EAFE4A6CD9E5E254D68CD2E1 /* Pods-payment_appTests.release.xcconfig */;
			buildSettings = {
				ALWAYS_EMBED_SWIFT_STANDARD_LIBRARIES = YES;
				BUNDLE_LOADER = "$(TEST_HOST)";
				CODE_SIGN_STYLE = Automatic;
				CURRENT_PROJECT_VERSION = 1;
				GENERATE_INFOPLIST_FILE = YES;
				IPHONEOS_DEPLOYMENT_TARGET = 16.1;
				MARKETING_VERSION = 1.0;
				PRODUCT_BUNDLE_IDENTIFIER = "com.company.payment-appTests";
				PRODUCT_NAME = "$(TARGET_NAME)";
				SWIFT_EMIT_LOC_STRINGS = NO;
				SWIFT_VERSION = 5.0;
				TARGETED_DEVICE_FAMILY = "1,2";
				TEST_HOST = "$(BUILT_PRODUCTS_DIR)/payment_app.app/$(BUNDLE_EXECUTABLE_FOLDER_PATH)/payment_app";
			};
			name = Release;
		};
		520660522960089000D65347 /* Debug */ = {
			isa = XCBuildConfiguration;
			baseConfigurationReference = BF9E9CA703AF0BAFC8B97050 /* Pods-payment_app-payment_appUITests.debug.xcconfig */;
			buildSettings = {
				ALWAYS_EMBED_SWIFT_STANDARD_LIBRARIES = YES;
				CODE_SIGN_STYLE = Automatic;
				CURRENT_PROJECT_VERSION = 1;
				GENERATE_INFOPLIST_FILE = YES;
				MARKETING_VERSION = 1.0;
				PRODUCT_BUNDLE_IDENTIFIER = "com.company.payment-appUITests";
				PRODUCT_NAME = "$(TARGET_NAME)";
				SWIFT_EMIT_LOC_STRINGS = NO;
				SWIFT_VERSION = 5.0;
				TARGETED_DEVICE_FAMILY = "1,2";
				TEST_TARGET_NAME = payment_app;
			};
			name = Debug;
		};
		520660532960089000D65347 /* Release */ = {
			isa = XCBuildConfiguration;
			baseConfigurationReference = 7C7865D069A461E7497EE35F /* Pods-payment_app-payment_appUITests.release.xcconfig */;
			buildSettings = {
				ALWAYS_EMBED_SWIFT_STANDARD_LIBRARIES = YES;
				CODE_SIGN_STYLE = Automatic;
				CURRENT_PROJECT_VERSION = 1;
				GENERATE_INFOPLIST_FILE = YES;
				MARKETING_VERSION = 1.0;
				PRODUCT_BUNDLE_IDENTIFIER = "com.company.payment-appUITests";
				PRODUCT_NAME = "$(TARGET_NAME)";
				SWIFT_EMIT_LOC_STRINGS = NO;
				SWIFT_VERSION = 5.0;
				TARGETED_DEVICE_FAMILY = "1,2";
				TEST_TARGET_NAME = payment_app;
			};
			name = Release;
		};
/* End XCBuildConfiguration section */

/* Begin XCConfigurationList section */
		520660222960088C00D65347 /* Build configuration list for PBXProject "payment_app" */ = {
			isa = XCConfigurationList;
			buildConfigurations = (
				520660492960089000D65347 /* Debug */,
				5206604A2960089000D65347 /* Release */,
			);
			defaultConfigurationIsVisible = 0;
			defaultConfigurationName = Release;
		};
		5206604B2960089000D65347 /* Build configuration list for PBXNativeTarget "payment_app" */ = {
			isa = XCConfigurationList;
			buildConfigurations = (
				5206604C2960089000D65347 /* Debug */,
				5206604D2960089000D65347 /* Release */,
			);
			defaultConfigurationIsVisible = 0;
			defaultConfigurationName = Release;
		};
		5206604E2960089000D65347 /* Build configuration list for PBXNativeTarget "payment_appTests" */ = {
			isa = XCConfigurationList;
			buildConfigurations = (
				5206604F2960089000D65347 /* Debug */,
				520660502960089000D65347 /* Release */,
			);
			defaultConfigurationIsVisible = 0;
			defaultConfigurationName = Release;
		};
		520660512960089000D65347 /* Build configuration list for PBXNativeTarget "payment_appUITests" */ = {
			isa = XCConfigurationList;
			buildConfigurations = (
				520660522960089000D65347 /* Debug */,
				520660532960089000D65347 /* Release */,
			);
			defaultConfigurationIsVisible = 0;
			defaultConfigurationName = Release;
		};
/* End XCConfigurationList section */

/* Begin XCRemoteSwiftPackageReference section */
		52BC3FB029692AEF003A0B42 /* XCRemoteSwiftPackageReference "CodeScanner" */ = {
			isa = XCRemoteSwiftPackageReference;
			repositoryURL = "https://github.com/twostraws/CodeScanner";
			requirement = {
				kind = upToNextMajorVersion;
				minimumVersion = 2.0.0;
			};
		};
/* End XCRemoteSwiftPackageReference section */

/* Begin XCSwiftPackageProductDependency section */
		52BC3FB129692AEF003A0B42 /* CodeScanner */ = {
			isa = XCSwiftPackageProductDependency;
			package = 52BC3FB029692AEF003A0B42 /* XCRemoteSwiftPackageReference "CodeScanner" */;
			productName = CodeScanner;
		};
/* End XCSwiftPackageProductDependency section */
	};
	rootObject = 5206601F2960088C00D65347 /* Project object */;
}
